
Microsoft Visual Studio Solution File, Format Version 11.00
# Visual Studio 2010
Project("{FAE04EC0-301F-11D3-BF4B-00C04F79EFBC}") = "SimpleCalc", "SimpleCalc\SimpleCalc.csproj", "{00359848-15DC-468C-86B0-11BA908CF0E6}"
EndProject
Global
	GlobalSection(SolutionConfigurationPlatforms) = preSolution
		Debug|Any CPU = Debug|Any CPU
		Release|Any CPU = Release|Any CPU
	EndGlobalSection
	GlobalSection(ProjectConfigurationPlatforms) = postSolution
		{00359848-15DC-468C-86B0-11BA908CF0E6}.Debug|Any CPU.ActiveCfg = Debug|Any CPU
		{00359848-15DC-468C-86B0-11BA908CF0E6}.Debug|Any CPU.Build.0 = Debug|Any CPU
		{00359848-15DC-468C-86B0-11BA908CF0E6}.Release|Any CPU.ActiveCfg = Release|Any CPU
		{00359848-15DC-468C-86B0-11BA908CF0E6}.Release|Any CPU.Build.0 = Release|Any CPU
	EndGlobalSection
	GlobalSection(SolutionProperties) = preSolution
		HideSolutionNode = FALSE
	EndGlobalSection
EndGlobal
